// !$*UTF8*$!
{
	archiveVersion = 1;
	classes = {
	};
	objectVersion = 56;
	objects = {

/* Begin PBXBuildFile section */
		3248845E29AF800300F9F36F /* ControllerExampleAppApp.swift in Sources */ = {isa = PBXBuildFile; fileRef = 3248845D29AF800300F9F36F /* ControllerExampleAppApp.swift */; };
		3248846229AF800300F9F36F /* Assets.xcassets in Resources */ = {isa = PBXBuildFile; fileRef = 3248846129AF800300F9F36F /* Assets.xcassets */; };
		3248846529AF800300F9F36F /* Preview Assets.xcassets in Resources */ = {isa = PBXBuildFile; fileRef = 3248846429AF800300F9F36F /* Preview Assets.xcassets */; };
		3248849729AF805A00F9F36F /* DemoLoadingMaterialOptionsView.swift in Sources */ = {isa = PBXBuildFile; fileRef = 3248848C29AF805A00F9F36F /* DemoLoadingMaterialOptionsView.swift */; };
		3248849829AF805A00F9F36F /* DemoLoadingVerticalOptionsView.swift in Sources */ = {isa = PBXBuildFile; fileRef = 3248848D29AF805A00F9F36F /* DemoLoadingVerticalOptionsView.swift */; };
		3248849929AF805A00F9F36F /* DemoLoadingToolbarOptionsView.swift in Sources */ = {isa = PBXBuildFile; fileRef = 3248848E29AF805A00F9F36F /* DemoLoadingToolbarOptionsView.swift */; };
		3248849A29AF805A00F9F36F /* CustomProgressView.swift in Sources */ = {isa = PBXBuildFile; fileRef = 3248848F29AF805A00F9F36F /* CustomProgressView.swift */; };
		3248849B29AF805A00F9F36F /* DemoLoadingHorizontalOptionsView.swift in Sources */ = {isa = PBXBuildFile; fileRef = 3248849029AF805A00F9F36F /* DemoLoadingHorizontalOptionsView.swift */; };
		3248849C29AF805A00F9F36F /* DemoLoadingOptionsView.swift in Sources */ = {isa = PBXBuildFile; fileRef = 3248849129AF805A00F9F36F /* DemoLoadingOptionsView.swift */; };
		3248849D29AF805A00F9F36F /* DemoLoadingOverCurrentOptionsView.swift in Sources */ = {isa = PBXBuildFile; fileRef = 3248849229AF805A00F9F36F /* DemoLoadingOverCurrentOptionsView.swift */; };
		3248849E29AF805A00F9F36F /* DemoScreen.swift in Sources */ = {isa = PBXBuildFile; fileRef = 3248849329AF805A00F9F36F /* DemoScreen.swift */; };
		3248849F29AF805A00F9F36F /* AlignmentDemoOption.swift in Sources */ = {isa = PBXBuildFile; fileRef = 3248849529AF805A00F9F36F /* AlignmentDemoOption.swift */; };
		324884A329AF80A100F9F36F /* ViewStateController in Frameworks */ = {isa = PBXBuildFile; productRef = 324884A229AF80A100F9F36F /* ViewStateController */; };
/* End PBXBuildFile section */

/* Begin PBXFileReference section */
		3218060D29AF8DB10046E334 /* ViewStateController */ = {isa = PBXFileReference; lastKnownFileType = wrapper; name = ViewStateController; path = ../..; sourceTree = "<group>"; };
		3248845A29AF800300F9F36F /* ControllerExampleApp.app */ = {isa = PBXFileReference; explicitFileType = wrapper.application; includeInIndex = 0; path = ControllerExampleApp.app; sourceTree = BUILT_PRODUCTS_DIR; };
		3248845D29AF800300F9F36F /* ControllerExampleAppApp.swift */ = {isa = PBXFileReference; lastKnownFileType = sourcecode.swift; path = ControllerExampleAppApp.swift; sourceTree = "<group>"; };
		3248846129AF800300F9F36F /* Assets.xcassets */ = {isa = PBXFileReference; lastKnownFileType = folder.assetcatalog; path = Assets.xcassets; sourceTree = "<group>"; };
		3248846429AF800300F9F36F /* Preview Assets.xcassets */ = {isa = PBXFileReference; lastKnownFileType = folder.assetcatalog; path = "Preview Assets.xcassets"; sourceTree = "<group>"; };
		3248848C29AF805A00F9F36F /* DemoLoadingMaterialOptionsView.swift */ = {isa = PBXFileReference; fileEncoding = 4; lastKnownFileType = sourcecode.swift; path = DemoLoadingMaterialOptionsView.swift; sourceTree = "<group>"; };
		3248848D29AF805A00F9F36F /* DemoLoadingVerticalOptionsView.swift */ = {isa = PBXFileReference; fileEncoding = 4; lastKnownFileType = sourcecode.swift; path = DemoLoadingVerticalOptionsView.swift; sourceTree = "<group>"; };
		3248848E29AF805A00F9F36F /* DemoLoadingToolbarOptionsView.swift */ = {isa = PBXFileReference; fileEncoding = 4; lastKnownFileType = sourcecode.swift; path = DemoLoadingToolbarOptionsView.swift; sourceTree = "<group>"; };
		3248848F29AF805A00F9F36F /* CustomProgressView.swift */ = {isa = PBXFileReference; fileEncoding = 4; lastKnownFileType = sourcecode.swift; path = CustomProgressView.swift; sourceTree = "<group>"; };
		3248849029AF805A00F9F36F /* DemoLoadingHorizontalOptionsView.swift */ = {isa = PBXFileReference; fileEncoding = 4; lastKnownFileType = sourcecode.swift; path = DemoLoadingHorizontalOptionsView.swift; sourceTree = "<group>"; };
		3248849129AF805A00F9F36F /* DemoLoadingOptionsView.swift */ = {isa = PBXFileReference; fileEncoding = 4; lastKnownFileType = sourcecode.swift; path = DemoLoadingOptionsView.swift; sourceTree = "<group>"; };
		3248849229AF805A00F9F36F /* DemoLoadingOverCurrentOptionsView.swift */ = {isa = PBXFileReference; fileEncoding = 4; lastKnownFileType = sourcecode.swift; path = DemoLoadingOverCurrentOptionsView.swift; sourceTree = "<group>"; };
		3248849329AF805A00F9F36F /* DemoScreen.swift */ = {isa = PBXFileReference; fileEncoding = 4; lastKnownFileType = sourcecode.swift; path = DemoScreen.swift; sourceTree = "<group>"; };
		3248849529AF805A00F9F36F /* AlignmentDemoOption.swift */ = {isa = PBXFileReference; fileEncoding = 4; lastKnownFileType = sourcecode.swift; path = AlignmentDemoOption.swift; sourceTree = "<group>"; };
/* End PBXFileReference section */

/* Begin PBXFrameworksBuildPhase section */
		3248845729AF800300F9F36F /* Frameworks */ = {
			isa = PBXFrameworksBuildPhase;
			buildActionMask = 2147483647;
			files = (
				324884A329AF80A100F9F36F /* ViewStateController in Frameworks */,
			);
			runOnlyForDeploymentPostprocessing = 0;
		};
/* End PBXFrameworksBuildPhase section */

/* Begin PBXGroup section */
		3218060C29AF8DB10046E334 /* Packages */ = {
			isa = PBXGroup;
			children = (
				3218060D29AF8DB10046E334 /* ViewStateController */,
			);
			name = Packages;
			sourceTree = "<group>";
		};
		3248845129AF800300F9F36F = {
			isa = PBXGroup;
			children = (
				3218060C29AF8DB10046E334 /* Packages */,
				3248845C29AF800300F9F36F /* ControllerExampleApp */,
				3248845B29AF800300F9F36F /* Products */,
				324884A129AF80A100F9F36F /* Frameworks */,
			);
			sourceTree = "<group>";
		};
		3248845B29AF800300F9F36F /* Products */ = {
			isa = PBXGroup;
			children = (
				3248845A29AF800300F9F36F /* ControllerExampleApp.app */,
			);
			name = Products;
			sourceTree = "<group>";
		};
		3248845C29AF800300F9F36F /* ControllerExampleApp */ = {
			isa = PBXGroup;
			children = (
				3248848929AF805A00F9F36F /* Screens */,
				3248846129AF800300F9F36F /* Assets.xcassets */,
				3248846329AF800300F9F36F /* Preview Content */,
			);
			path = ControllerExampleApp;
			sourceTree = "<group>";
		};
		3248846329AF800300F9F36F /* Preview Content */ = {
			isa = PBXGroup;
			children = (
				3248846429AF800300F9F36F /* Preview Assets.xcassets */,
			);
			path = "Preview Content";
			sourceTree = "<group>";
		};
		3248848929AF805A00F9F36F /* Screens */ = {
			isa = PBXGroup;
			children = (
				3248848A29AF805A00F9F36F /* Demo */,
				3248845D29AF800300F9F36F /* ControllerExampleAppApp.swift */,
			);
			path = Screens;
			sourceTree = "<group>";
		};
		3248848A29AF805A00F9F36F /* Demo */ = {
			isa = PBXGroup;
			children = (
				3248849329AF805A00F9F36F /* DemoScreen.swift */,
				3248849429AF805A00F9F36F /* Helpers */,
				3248848B29AF805A00F9F36F /* Views */,
			);
			path = Demo;
			sourceTree = "<group>";
		};
		3248848B29AF805A00F9F36F /* Views */ = {
			isa = PBXGroup;
			children = (
				3248848C29AF805A00F9F36F /* DemoLoadingMaterialOptionsView.swift */,
				3248848D29AF805A00F9F36F /* DemoLoadingVerticalOptionsView.swift */,
				3248848E29AF805A00F9F36F /* DemoLoadingToolbarOptionsView.swift */,
				3248848F29AF805A00F9F36F /* CustomProgressView.swift */,
				3248849029AF805A00F9F36F /* DemoLoadingHorizontalOptionsView.swift */,
				3248849129AF805A00F9F36F /* DemoLoadingOptionsView.swift */,
				3248849229AF805A00F9F36F /* DemoLoadingOverCurrentOptionsView.swift */,
			);
			path = Views;
			sourceTree = "<group>";
		};
		3248849429AF805A00F9F36F /* Helpers */ = {
			isa = PBXGroup;
			children = (
				3248849529AF805A00F9F36F /* AlignmentDemoOption.swift */,
			);
			path = Helpers;
			sourceTree = "<group>";
		};
		324884A129AF80A100F9F36F /* Frameworks */ = {
			isa = PBXGroup;
			children = (
			);
			name = Frameworks;
			sourceTree = "<group>";
		};
/* End PBXGroup section */

/* Begin PBXNativeTarget section */
		3248845929AF800300F9F36F /* ControllerExampleApp */ = {
			isa = PBXNativeTarget;
			buildConfigurationList = 3248847E29AF800300F9F36F /* Build configuration list for PBXNativeTarget "ControllerExampleApp" */;
			buildPhases = (
				3248845629AF800300F9F36F /* Sources */,
				3248845729AF800300F9F36F /* Frameworks */,
				3248845829AF800300F9F36F /* Resources */,
			);
			buildRules = (
			);
			dependencies = (
			);
			name = ControllerExampleApp;
			packageProductDependencies = (
				324884A229AF80A100F9F36F /* ViewStateController */,
			);
			productName = ControllerExampleApp;
			productReference = 3248845A29AF800300F9F36F /* ControllerExampleApp.app */;
			productType = "com.apple.product-type.application";
		};
/* End PBXNativeTarget section */

/* Begin PBXProject section */
		3248845229AF800300F9F36F /* Project object */ = {
			isa = PBXProject;
			attributes = {
				BuildIndependentTargetsInParallel = 1;
				LastSwiftUpdateCheck = 1420;
				LastUpgradeCheck = 1420;
				TargetAttributes = {
					3248845929AF800300F9F36F = {
						CreatedOnToolsVersion = 14.2;
					};
				};
			};
			buildConfigurationList = 3248845529AF800300F9F36F /* Build configuration list for PBXProject "ControllerExampleApp" */;
			compatibilityVersion = "Xcode 14.0";
			developmentRegion = en;
			hasScannedForEncodings = 0;
			knownRegions = (
				en,
				Base,
			);
			mainGroup = 3248845129AF800300F9F36F;
			productRefGroup = 3248845B29AF800300F9F36F /* Products */;
			projectDirPath = "";
			projectRoot = "";
			targets = (
				3248845929AF800300F9F36F /* ControllerExampleApp */,
			);
		};
/* End PBXProject section */

/* Begin PBXResourcesBuildPhase section */
		3248845829AF800300F9F36F /* Resources */ = {
			isa = PBXResourcesBuildPhase;
			buildActionMask = 2147483647;
			files = (
				3248846529AF800300F9F36F /* Preview Assets.xcassets in Resources */,
				3248846229AF800300F9F36F /* Assets.xcassets in Resources */,
			);
			runOnlyForDeploymentPostprocessing = 0;
		};
/* End PBXResourcesBuildPhase section */

/* Begin PBXSourcesBuildPhase section */
		3248845629AF800300F9F36F /* Sources */ = {
			isa = PBXSourcesBuildPhase;
			buildActionMask = 2147483647;
			files = (
				3248849E29AF805A00F9F36F /* DemoScreen.swift in Sources */,
				3248849929AF805A00F9F36F /* DemoLoadingToolbarOptionsView.swift in Sources */,
				3248849C29AF805A00F9F36F /* DemoLoadingOptionsView.swift in Sources */,
				3248849A29AF805A00F9F36F /* CustomProgressView.swift in Sources */,
				3248845E29AF800300F9F36F /* ControllerExampleAppApp.swift in Sources */,
				3248849729AF805A00F9F36F /* DemoLoadingMaterialOptionsView.swift in Sources */,
				3248849829AF805A00F9F36F /* DemoLoadingVerticalOptionsView.swift in Sources */,
				3248849D29AF805A00F9F36F /* DemoLoadingOverCurrentOptionsView.swift in Sources */,
				3248849F29AF805A00F9F36F /* AlignmentDemoOption.swift in Sources */,
				3248849B29AF805A00F9F36F /* DemoLoadingHorizontalOptionsView.swift in Sources */,
			);
			runOnlyForDeploymentPostprocessing = 0;
		};
/* End PBXSourcesBuildPhase section */

/* Begin XCBuildConfiguration section */
		3248847C29AF800300F9F36F /* Debug */ = {
			isa = XCBuildConfiguration;
			buildSettings = {
				ALWAYS_SEARCH_USER_PATHS = NO;
				CLANG_ANALYZER_NONNULL = YES;
				CLANG_ANALYZER_NUMBER_OBJECT_CONVERSION = YES_AGGRESSIVE;
				CLANG_CXX_LANGUAGE_STANDARD = "gnu++20";
				CLANG_ENABLE_MODULES = YES;
				CLANG_ENABLE_OBJC_ARC = YES;
				CLANG_ENABLE_OBJC_WEAK = YES;
				CLANG_WARN_BLOCK_CAPTURE_AUTORELEASING = YES;
				CLANG_WARN_BOOL_CONVERSION = YES;
				CLANG_WARN_COMMA = YES;
				CLANG_WARN_CONSTANT_CONVERSION = YES;
				CLANG_WARN_DEPRECATED_OBJC_IMPLEMENTATIONS = YES;
				CLANG_WARN_DIRECT_OBJC_ISA_USAGE = YES_ERROR;
				CLANG_WARN_DOCUMENTATION_COMMENTS = YES;
				CLANG_WARN_EMPTY_BODY = YES;
				CLANG_WARN_ENUM_CONVERSION = YES;
				CLANG_WARN_INFINITE_RECURSION = YES;
				CLANG_WARN_INT_CONVERSION = YES;
				CLANG_WARN_NON_LITERAL_NULL_CONVERSION = YES;
				CLANG_WARN_OBJC_IMPLICIT_RETAIN_SELF = YES;
				CLANG_WARN_OBJC_LITERAL_CONVERSION = YES;
				CLANG_WARN_OBJC_ROOT_CLASS = YES_ERROR;
				CLANG_WARN_QUOTED_INCLUDE_IN_FRAMEWORK_HEADER = YES;
				CLANG_WARN_RANGE_LOOP_ANALYSIS = YES;
				CLANG_WARN_STRICT_PROTOTYPES = YES;
				CLANG_WARN_SUSPICIOUS_MOVE = YES;
				CLANG_WARN_UNGUARDED_AVAILABILITY = YES_AGGRESSIVE;
				CLANG_WARN_UNREACHABLE_CODE = YES;
				CLANG_WARN__DUPLICATE_METHOD_MATCH = YES;
				COPY_PHASE_STRIP = NO;
				DEBUG_INFORMATION_FORMAT = dwarf;
				ENABLE_STRICT_OBJC_MSGSEND = YES;
				ENABLE_TESTABILITY = YES;
				GCC_C_LANGUAGE_STANDARD = gnu11;
				GCC_DYNAMIC_NO_PIC = NO;
				GCC_NO_COMMON_BLOCKS = YES;
				GCC_OPTIMIZATION_LEVEL = 0;
				GCC_PREPROCESSOR_DEFINITIONS = (
					"DEBUG=1",
					"$(inherited)",
				);
				GCC_WARN_64_TO_32_BIT_CONVERSION = YES;
				GCC_WARN_ABOUT_RETURN_TYPE = YES_ERROR;
				GCC_WARN_UNDECLARED_SELECTOR = YES;
				GCC_WARN_UNINITIALIZED_AUTOS = YES_AGGRESSIVE;
				GCC_WARN_UNUSED_FUNCTION = YES;
				GCC_WARN_UNUSED_VARIABLE = YES;
				IPHONEOS_DEPLOYMENT_TARGET = 16.2;
				MTL_ENABLE_DEBUG_INFO = INCLUDE_SOURCE;
				MTL_FAST_MATH = YES;
				ONLY_ACTIVE_ARCH = YES;
				SDKROOT = iphoneos;
				SWIFT_ACTIVE_COMPILATION_CONDITIONS = DEBUG;
				SWIFT_OPTIMIZATION_LEVEL = "-Onone";
			};
			name = Debug;
		};
		3248847D29AF800300F9F36F /* Release */ = {
			isa = XCBuildConfiguration;
			buildSettings = {
				ALWAYS_SEARCH_USER_PATHS = NO;
				CLANG_ANALYZER_NONNULL = YES;
				CLANG_ANALYZER_NUMBER_OBJECT_CONVERSION = YES_AGGRESSIVE;
				CLANG_CXX_LANGUAGE_STANDARD = "gnu++20";
				CLANG_ENABLE_MODULES = YES;
				CLANG_ENABLE_OBJC_ARC = YES;
				CLANG_ENABLE_OBJC_WEAK = YES;
				CLANG_WARN_BLOCK_CAPTURE_AUTORELEASING = YES;
				CLANG_WARN_BOOL_CONVERSION = YES;
				CLANG_WARN_COMMA = YES;
				CLANG_WARN_CONSTANT_CONVERSION = YES;
				CLANG_WARN_DEPRECATED_OBJC_IMPLEMENTATIONS = YES;
				CLANG_WARN_DIRECT_OBJC_ISA_USAGE = YES_ERROR;
				CLANG_WARN_DOCUMENTATION_COMMENTS = YES;
				CLANG_WARN_EMPTY_BODY = YES;
				CLANG_WARN_ENUM_CONVERSION = YES;
				CLANG_WARN_INFINITE_RECURSION = YES;
				CLANG_WARN_INT_CONVERSION = YES;
				CLANG_WARN_NON_LITERAL_NULL_CONVERSION = YES;
				CLANG_WARN_OBJC_IMPLICIT_RETAIN_SELF = YES;
				CLANG_WARN_OBJC_LITERAL_CONVERSION = YES;
				CLANG_WARN_OBJC_ROOT_CLASS = YES_ERROR;
				CLANG_WARN_QUOTED_INCLUDE_IN_FRAMEWORK_HEADER = YES;
				CLANG_WARN_RANGE_LOOP_ANALYSIS = YES;
				CLANG_WARN_STRICT_PROTOTYPES = YES;
				CLANG_WARN_SUSPICIOUS_MOVE = YES;
				CLANG_WARN_UNGUARDED_AVAILABILITY = YES_AGGRESSIVE;
				CLANG_WARN_UNREACHABLE_CODE = YES;
				CLANG_WARN__DUPLICATE_METHOD_MATCH = YES;
				COPY_PHASE_STRIP = NO;
				DEBUG_INFORMATION_FORMAT = "dwarf-with-dsym";
				ENABLE_NS_ASSERTIONS = NO;
				ENABLE_STRICT_OBJC_MSGSEND = YES;
				GCC_C_LANGUAGE_STANDARD = gnu11;
				GCC_NO_COMMON_BLOCKS = YES;
				GCC_WARN_64_TO_32_BIT_CONVERSION = YES;
				GCC_WARN_ABOUT_RETURN_TYPE = YES_ERROR;
				GCC_WARN_UNDECLARED_SELECTOR = YES;
				GCC_WARN_UNINITIALIZED_AUTOS = YES_AGGRESSIVE;
				GCC_WARN_UNUSED_FUNCTION = YES;
				GCC_WARN_UNUSED_VARIABLE = YES;
				IPHONEOS_DEPLOYMENT_TARGET = 16.2;
				MTL_ENABLE_DEBUG_INFO = NO;
				MTL_FAST_MATH = YES;
				SDKROOT = iphoneos;
				SWIFT_COMPILATION_MODE = wholemodule;
				SWIFT_OPTIMIZATION_LEVEL = "-O";
				VALIDATE_PRODUCT = YES;
			};
			name = Release;
		};
		3248847F29AF800300F9F36F /* Debug */ = {
			isa = XCBuildConfiguration;
			buildSettings = {
				ASSETCATALOG_COMPILER_APPICON_NAME = AppIcon;
				ASSETCATALOG_COMPILER_GLOBAL_ACCENT_COLOR_NAME = AccentColor;
				CODE_SIGN_STYLE = Automatic;
				CURRENT_PROJECT_VERSION = 1;
				DEVELOPMENT_ASSET_PATHS = "\"ControllerExampleApp/Preview Content\"";
				ENABLE_PREVIEWS = YES;
				GENERATE_INFOPLIST_FILE = YES;
				INFOPLIST_KEY_UIApplicationSceneManifest_Generation = YES;
				INFOPLIST_KEY_UIApplicationSupportsIndirectInputEvents = YES;
				INFOPLIST_KEY_UILaunchScreen_Generation = YES;
				INFOPLIST_KEY_UISupportedInterfaceOrientations_iPad = "UIInterfaceOrientationPortrait UIInterfaceOrientationPortraitUpsideDown UIInterfaceOrientationLandscapeLeft UIInterfaceOrientationLandscapeRight";
				INFOPLIST_KEY_UISupportedInterfaceOrientations_iPhone = "UIInterfaceOrientationPortrait UIInterfaceOrientationLandscapeLeft UIInterfaceOrientationLandscapeRight";
				LD_RUNPATH_SEARCH_PATHS = (
					"$(inherited)",
					"@executable_path/Frameworks",
				);
				MARKETING_VERSION = 1.0;
				PRODUCT_BUNDLE_IDENTIFIER = mdb.ControllerExampleApp;
				PRODUCT_NAME = "$(TARGET_NAME)";
				SWIFT_EMIT_LOC_STRINGS = YES;
				SWIFT_VERSION = 5.0;
				TARGETED_DEVICE_FAMILY = "1,2";
			};
			name = Debug;
		};
		3248848029AF800300F9F36F /* Release */ = {
			isa = XCBuildConfiguration;
			buildSettings = {
				ASSETCATALOG_COMPILER_APPICON_NAME = AppIcon;
				ASSETCATALOG_COMPILER_GLOBAL_ACCENT_COLOR_NAME = AccentColor;
				CODE_SIGN_STYLE = Automatic;
				CURRENT_PROJECT_VERSION = 1;
				DEVELOPMENT_ASSET_PATHS = "\"ControllerExampleApp/Preview Content\"";
				ENABLE_PREVIEWS = YES;
				GENERATE_INFOPLIST_FILE = YES;
				INFOPLIST_KEY_UIApplicationSceneManifest_Generation = YES;
				INFOPLIST_KEY_UIApplicationSupportsIndirectInputEvents = YES;
				INFOPLIST_KEY_UILaunchScreen_Generation = YES;
				INFOPLIST_KEY_UISupportedInterfaceOrientations_iPad = "UIInterfaceOrientationPortrait UIInterfaceOrientationPortraitUpsideDown UIInterfaceOrientationLandscapeLeft UIInterfaceOrientationLandscapeRight";
				INFOPLIST_KEY_UISupportedInterfaceOrientations_iPhone = "UIInterfaceOrientationPortrait UIInterfaceOrientationLandscapeLeft UIInterfaceOrientationLandscapeRight";
				LD_RUNPATH_SEARCH_PATHS = (
					"$(inherited)",
					"@executable_path/Frameworks",
				);
				MARKETING_VERSION = 1.0;
				PRODUCT_BUNDLE_IDENTIFIER = mdb.ControllerExampleApp;
				PRODUCT_NAME = "$(TARGET_NAME)";
				SWIFT_EMIT_LOC_STRINGS = YES;
				SWIFT_VERSION = 5.0;
				TARGETED_DEVICE_FAMILY = "1,2";
			};
			name = Release;
		};
/* End XCBuildConfiguration section */

/* Begin XCConfigurationList section */
		3248845529AF800300F9F36F /* Build configuration list for PBXProject "ControllerExampleApp" */ = {
			isa = XCConfigurationList;
			buildConfigurations = (
				3248847C29AF800300F9F36F /* Debug */,
				3248847D29AF800300F9F36F /* Release */,
			);
			defaultConfigurationIsVisible = 0;
			defaultConfigurationName = Release;
		};
		3248847E29AF800300F9F36F /* Build configuration list for PBXNativeTarget "ControllerExampleApp" */ = {
			isa = XCConfigurationList;
			buildConfigurations = (
				3248847F29AF800300F9F36F /* Debug */,
				3248848029AF800300F9F36F /* Release */,
			);
			defaultConfigurationIsVisible = 0;
			defaultConfigurationName = Release;
		};
/* End XCConfigurationList section */

/* Begin XCSwiftPackageProductDependency section */
		324884A229AF80A100F9F36F /* ViewStateController */ = {
			isa = XCSwiftPackageProductDependency;
			productName = ViewStateController;
		};
/* End XCSwiftPackageProductDependency section */
	};
	rootObject = 3248845229AF800300F9F36F /* Project object */;
}
